
Microsoft Visual Studio Solution File, Format Version 12.00
# Visual Studio Version 17
VisualStudioVersion = 17.8.34408.163
MinimumVisualStudioVersion = 10.0.40219.1
Project("{FAE04EC0-301F-11D3-BF4B-00C04F79EFBC}") = "MyPortfolio", "MyPortfolio\MyPortfolio.csproj", "{25CB9EC8-FEE4-4E3E-AFC1-E735AE40C475}"
EndProject
Global
	GlobalSection(SolutionConfigurationPlatforms) = preSolution
		Debug|Any CPU = Debug|Any CPU
		Release|Any CPU = Release|Any CPU
	EndGlobalSection
	GlobalSection(ProjectConfigurationPlatforms) = postSolution
		{25CB9EC8-FEE4-4E3E-AFC1-E735AE40C475}.Debug|Any CPU.ActiveCfg = Debug|Any CPU
		{25CB9EC8-FEE4-4E3E-AFC1-E735AE40C475}.Debug|Any CPU.Build.0 = Debug|Any CPU
		{25CB9EC8-FEE4-4E3E-AFC1-E735AE40C475}.Release|Any CPU.ActiveCfg = Release|Any CPU
		{25CB9EC8-FEE4-4E3E-AFC1-E735AE40C475}.Release|Any CPU.Build.0 = Release|Any CPU
	EndGlobalSection
	GlobalSection(SolutionProperties) = preSolution
		HideSolutionNode = FALSE
	EndGlobalSection
	GlobalSection(ExtensibilityGlobals) = postSolution
		SolutionGuid = {9FDAE90E-DB39-41AF-927A-C99EE534B0CC}
	EndGlobalSection
EndGlobal
